
Microsoft Visual Studio Solution File, Format Version 12.00
# Visual Studio Version 17
VisualStudioVersion = 17.14.36811.4
MinimumVisualStudioVersion = 10.0.40219.1
Project("{FAE04EC0-301F-11D3-BF4B-00C04F79EFBC}") = "multiple_Agents", "multiple_Agents\multiple_Agents.csproj", "{FE8A9B3D-80AA-D939-2B16-7940B37DB36A}"
EndProject
Project("{FAE04EC0-301F-11D3-BF4B-00C04F79EFBC}") = "Ai_ Frontend.AppHost", "Ai_ Frontend.AppHost\Ai_ Frontend.AppHost.csproj", "{3ABE86D4-2872-4925-BF21-165ECEDE527D}"
EndProject
Project("{FAE04EC0-301F-11D3-BF4B-00C04F79EFBC}") = "Ai_ Frontend.ServiceDefaults", "Ai_ Frontend.ServiceDefaults\Ai_ Frontend.ServiceDefaults.csproj", "{5E9C1649-3C42-D024-F75E-2807C32D2690}"
EndProject
Project("{2150E333-8FDC-42A3-9474-1A3956D46DE8}") = "Solution Items", "Solution Items", "{02EA681E-C7D8-13C7-8484-4AC65E1B71E8}"
	ProjectSection(SolutionItems) = preProject
		.editorconfig = .editorconfig
	EndProjectSection
EndProject
Project("{FAE04EC0-301F-11D3-BF4B-00C04F79EFBC}") = "DurableBackend", "DurableBackend\DurableBackend.csproj", "{00D6CC24-7043-44FC-B8B0-AD659380A675}"
EndProject
Global
	GlobalSection(SolutionConfigurationPlatforms) = preSolution
		Debug|Any CPU = Debug|Any CPU
		Release|Any CPU = Release|Any CPU
	EndGlobalSection
	GlobalSection(ProjectConfigurationPlatforms) = postSolution
		{FE8A9B3D-80AA-D939-2B16-7940B37DB36A}.Debug|Any CPU.ActiveCfg = Debug|Any CPU
		{FE8A9B3D-80AA-D939-2B16-7940B37DB36A}.Debug|Any CPU.Build.0 = Debug|Any CPU
		{FE8A9B3D-80AA-D939-2B16-7940B37DB36A}.Release|Any CPU.ActiveCfg = Release|Any CPU
		{FE8A9B3D-80AA-D939-2B16-7940B37DB36A}.Release|Any CPU.Build.0 = Release|Any CPU
		{3ABE86D4-2872-4925-BF21-165ECEDE527D}.Debug|Any CPU.ActiveCfg = Debug|Any CPU
		{3ABE86D4-2872-4925-BF21-165ECEDE527D}.Debug|Any CPU.Build.0 = Debug|Any CPU
		{3ABE86D4-2872-4925-BF21-165ECEDE527D}.Release|Any CPU.ActiveCfg = Release|Any CPU
		{3ABE86D4-2872-4925-BF21-165ECEDE527D}.Release|Any CPU.Build.0 = Release|Any CPU
		{5E9C1649-3C42-D024-F75E-2807C32D2690}.Debug|Any CPU.ActiveCfg = Debug|Any CPU
		{5E9C1649-3C42-D024-F75E-2807C32D2690}.Debug|Any CPU.Build.0 = Debug|Any CPU
		{5E9C1649-3C42-D024-F75E-2807C32D2690}.Release|Any CPU.ActiveCfg = Release|Any CPU
		{5E9C1649-3C42-D024-F75E-2807C32D2690}.Release|Any CPU.Build.0 = Release|Any CPU
		{00D6CC24-7043-44FC-B8B0-AD659380A675}.Debug|Any CPU.ActiveCfg = Debug|Any CPU
		{00D6CC24-7043-44FC-B8B0-AD659380A675}.Debug|Any CPU.Build.0 = Debug|Any CPU
		{00D6CC24-7043-44FC-B8B0-AD659380A675}.Release|Any CPU.ActiveCfg = Release|Any CPU
		{00D6CC24-7043-44FC-B8B0-AD659380A675}.Release|Any CPU.Build.0 = Release|Any CPU
	EndGlobalSection
	GlobalSection(SolutionProperties) = preSolution
		HideSolutionNode = FALSE
	EndGlobalSection
	GlobalSection(NestedProjects) = preSolution
		{00D6CC24-7043-44FC-B8B0-AD659380A675} = {02EA681E-C7D8-13C7-8484-4AC65E1B71E8}
	EndGlobalSection
	GlobalSection(ExtensibilityGlobals) = postSolution
		SolutionGuid = {CC135D34-4307-420D-B868-2EF8F26A7081}
	EndGlobalSection
EndGlobal
